
Microsoft Visual Studio Solution File, Format Version 12.00
# Visual Studio 2013
VisualStudioVersion = 12.0.31101.0
MinimumVisualStudioVersion = 10.0.40219.1
Project("{FAE04EC0-301F-11D3-BF4B-00C04F79EFBC}") = "ChronoZoomOfficeMixAddin", "ChronoZoomOfficeMixAddin\ChronoZoomOfficeMixAddin.csproj", "{85B10A83-4142-48B8-AF4D-5178492EEDEA}"
EndProject
Project("{FAE04EC0-301F-11D3-BF4B-00C04F79EFBC}") = "ChronoZoomOfficeMixAddinWeb", "ChronoZoomOfficeMixAddinWeb\ChronoZoomOfficeMixAddinWeb.csproj", "{48B0340D-8652-4C39-A50F-B0EB9177F81F}"
EndProject
Global
	GlobalSection(SolutionConfigurationPlatforms) = preSolution
		Debug|Any CPU = Debug|Any CPU
		Release|Any CPU = Release|Any CPU
	EndGlobalSection
	GlobalSection(ProjectConfigurationPlatforms) = postSolution
		{85B10A83-4142-48B8-AF4D-5178492EEDEA}.Debug|Any CPU.ActiveCfg = Debug|Any CPU
		{85B10A83-4142-48B8-AF4D-5178492EEDEA}.Debug|Any CPU.Build.0 = Debug|Any CPU
		{85B10A83-4142-48B8-AF4D-5178492EEDEA}.Debug|Any CPU.Deploy.0 = Debug|Any CPU
		{85B10A83-4142-48B8-AF4D-5178492EEDEA}.Release|Any CPU.ActiveCfg = Release|Any CPU
		{85B10A83-4142-48B8-AF4D-5178492EEDEA}.Release|Any CPU.Build.0 = Release|Any CPU
		{85B10A83-4142-48B8-AF4D-5178492EEDEA}.Release|Any CPU.Deploy.0 = Release|Any CPU
		{48B0340D-8652-4C39-A50F-B0EB9177F81F}.Debug|Any CPU.ActiveCfg = Debug|Any CPU
		{48B0340D-8652-4C39-A50F-B0EB9177F81F}.Debug|Any CPU.Build.0 = Debug|Any CPU
		{48B0340D-8652-4C39-A50F-B0EB9177F81F}.Release|Any CPU.ActiveCfg = Release|Any CPU
		{48B0340D-8652-4C39-A50F-B0EB9177F81F}.Release|Any CPU.Build.0 = Release|Any CPU
	EndGlobalSection
	GlobalSection(SolutionProperties) = preSolution
		HideSolutionNode = FALSE
	EndGlobalSection
EndGlobal
